
Microsoft Visual Studio Solution File, Format Version 12.00
# Visual Studio Version 17
VisualStudioVersion = 17.8.34330.188
MinimumVisualStudioVersion = 10.0.40219.1
Project("{FAE04EC0-301F-11D3-BF4B-00C04F79EFBC}") = "IT Infrastructure Manager (ITIM)", "IT Infrastructure Manager (ITIM)\IT Infrastructure Manager (ITIM).csproj", "{77580D0D-6FC0-447E-A50D-0BFCB464AB86}"
EndProject
Global
	GlobalSection(SolutionConfigurationPlatforms) = preSolution
		Debug|Any CPU = Debug|Any CPU
		Release|Any CPU = Release|Any CPU
	EndGlobalSection
	GlobalSection(ProjectConfigurationPlatforms) = postSolution
		{77580D0D-6FC0-447E-A50D-0BFCB464AB86}.Debug|Any CPU.ActiveCfg = Debug|Any CPU
		{77580D0D-6FC0-447E-A50D-0BFCB464AB86}.Debug|Any CPU.Build.0 = Debug|Any CPU
		{77580D0D-6FC0-447E-A50D-0BFCB464AB86}.Release|Any CPU.ActiveCfg = Release|Any CPU
		{77580D0D-6FC0-447E-A50D-0BFCB464AB86}.Release|Any CPU.Build.0 = Release|Any CPU
	EndGlobalSection
	GlobalSection(SolutionProperties) = preSolution
		HideSolutionNode = FALSE
	EndGlobalSection
	GlobalSection(ExtensibilityGlobals) = postSolution
		SolutionGuid = {3E9EF4D8-2BC4-4E4E-A581-361F8768911A}
	EndGlobalSection
EndGlobal
